
Microsoft Visual Studio Solution File, Format Version 12.00
# Visual Studio 15
VisualStudioVersion = 15.0.28307.539
MinimumVisualStudioVersion = 10.0.40219.1
Project("{FAE04EC0-301F-11D3-BF4B-00C04F79EFBC}") = "FirstCoreApp", "FirstCoreApp\FirstCoreApp.csproj", "{532E6575-DA80-4391-9FA4-A34B6FC34D83}"
EndProject
Global
	GlobalSection(SolutionConfigurationPlatforms) = preSolution
		Debug|Any CPU = Debug|Any CPU
		Release|Any CPU = Release|Any CPU
	EndGlobalSection
	GlobalSection(ProjectConfigurationPlatforms) = postSolution
		{532E6575-DA80-4391-9FA4-A34B6FC34D83}.Debug|Any CPU.ActiveCfg = Debug|Any CPU
		{532E6575-DA80-4391-9FA4-A34B6FC34D83}.Debug|Any CPU.Build.0 = Debug|Any CPU
		{532E6575-DA80-4391-9FA4-A34B6FC34D83}.Release|Any CPU.ActiveCfg = Release|Any CPU
		{532E6575-DA80-4391-9FA4-A34B6FC34D83}.Release|Any CPU.Build.0 = Release|Any CPU
	EndGlobalSection
	GlobalSection(SolutionProperties) = preSolution
		HideSolutionNode = FALSE
	EndGlobalSection
	GlobalSection(ExtensibilityGlobals) = postSolution
		SolutionGuid = {BF2DC02B-7D09-4E1A-8F64-7C69079985E4}
	EndGlobalSection
EndGlobal
